Microsoft Visual Studio Solution File, Format Version 7.00
Project("{8BC9CEB8-8B4A-11D0-8D11-00A0C91BC942}") = "TextureBin", "TextureBin.vcproj", "{114C9957-9CFC-403C-9CA5-8E37D3CDD7B8}"
EndProject
Global
	GlobalSection(DevPartner Solution Properties) = postSolution
	EndGlobalSection
	GlobalSection(SolutionConfiguration) = preSolution
		ConfigName.0 = Debug
		ConfigName.1 = Release
	EndGlobalSection
	GlobalSection(ProjectDependencies) = postSolution
	EndGlobalSection
	GlobalSection(ProjectConfiguration) = postSolution
		{114C9957-9CFC-403C-9CA5-8E37D3CDD7B8}.Debug.ActiveCfg = Debug|Win32
		{114C9957-9CFC-403C-9CA5-8E37D3CDD7B8}.Debug.Build.0 = Debug|Win32
		{114C9957-9CFC-403C-9CA5-8E37D3CDD7B8}.Release.ActiveCfg = Release|Win32
		{114C9957-9CFC-403C-9CA5-8E37D3CDD7B8}.Release.Build.0 = Release|Win32
	EndGlobalSection
	GlobalSection(ExtensibilityGlobals) = postSolution
	EndGlobalSection
	GlobalSection(ExtensibilityAddIns) = postSolution
	EndGlobalSection
EndGlobal
